
Microsoft Visual Studio Solution File, Format Version 12.00
# Visual Studio Version 16
VisualStudioVersion = 16.0.32630.194
MinimumVisualStudioVersion = 10.0.40219.1
Project("{FAE04EC0-301F-11D3-BF4B-00C04F79EFBC}") = "Práctica 2.1", "Práctica 2.1\Práctica 2.1.csproj", "{1FCFF85B-20F6-40F8-B78A-12DA1D14F7FC}"
EndProject
Project("{FAE04EC0-301F-11D3-BF4B-00C04F79EFBC}") = "Práctica 2.2", "Práctica 2.2\Práctica 2.2.csproj", "{7482F307-F465-4F47-8E37-16F4BCAC8ED6}"
EndProject
Project("{FAE04EC0-301F-11D3-BF4B-00C04F79EFBC}") = "Práctica 2.3", "Práctica 2.3\Práctica 2.3.csproj", "{63CAC85B-6A5F-4F96-AAD4-8B0FE7C4CAD6}"
EndProject
Project("{FAE04EC0-301F-11D3-BF4B-00C04F79EFBC}") = "Práctica 2.4", "Práctica 2.4\Práctica 2.4.csproj", "{206A38A1-9C50-4467-AE01-C85FB46CC5DF}"
EndProject
Project("{FAE04EC0-301F-11D3-BF4B-00C04F79EFBC}") = "Práctica 2.5", "Práctica 2.5\Práctica 2.5.csproj", "{D7956463-171D-4FF0-B8C3-C0865DEEC9EE}"
EndProject
Project("{FAE04EC0-301F-11D3-BF4B-00C04F79EFBC}") = "Prática 2.6", "Prática 2.6\Prática 2.6.csproj", "{FACB2C04-7D14-47D0-9A20-FF13B92B1390}"
EndProject
Project("{FAE04EC0-301F-11D3-BF4B-00C04F79EFBC}") = "Práctica 2.7", "Práctica 2.7\Práctica 2.7.csproj", "{2459EDE0-33F6-4301-80B6-D7886FB92992}"
EndProject
Project("{FAE04EC0-301F-11D3-BF4B-00C04F79EFBC}") = "Práctica 2.8", "Práctica 2.8\Práctica 2.8.csproj", "{316D7D39-CBF1-4234-A32D-90E44CB99E44}"
EndProject
Global
	GlobalSection(SolutionConfigurationPlatforms) = preSolution
		Debug|Any CPU = Debug|Any CPU
		Release|Any CPU = Release|Any CPU
	EndGlobalSection
	GlobalSection(ProjectConfigurationPlatforms) = postSolution
		{1FCFF85B-20F6-40F8-B78A-12DA1D14F7FC}.Debug|Any CPU.ActiveCfg = Debug|Any CPU
		{1FCFF85B-20F6-40F8-B78A-12DA1D14F7FC}.Debug|Any CPU.Build.0 = Debug|Any CPU
		{1FCFF85B-20F6-40F8-B78A-12DA1D14F7FC}.Release|Any CPU.ActiveCfg = Release|Any CPU
		{1FCFF85B-20F6-40F8-B78A-12DA1D14F7FC}.Release|Any CPU.Build.0 = Release|Any CPU
		{7482F307-F465-4F47-8E37-16F4BCAC8ED6}.Debug|Any CPU.ActiveCfg = Debug|Any CPU
		{7482F307-F465-4F47-8E37-16F4BCAC8ED6}.Debug|Any CPU.Build.0 = Debug|Any CPU
		{7482F307-F465-4F47-8E37-16F4BCAC8ED6}.Release|Any CPU.ActiveCfg = Release|Any CPU
		{7482F307-F465-4F47-8E37-16F4BCAC8ED6}.Release|Any CPU.Build.0 = Release|Any CPU
		{63CAC85B-6A5F-4F96-AAD4-8B0FE7C4CAD6}.Debug|Any CPU.ActiveCfg = Debug|Any CPU
		{63CAC85B-6A5F-4F96-AAD4-8B0FE7C4CAD6}.Debug|Any CPU.Build.0 = Debug|Any CPU
		{63CAC85B-6A5F-4F96-AAD4-8B0FE7C4CAD6}.Release|Any CPU.ActiveCfg = Release|Any CPU
		{63CAC85B-6A5F-4F96-AAD4-8B0FE7C4CAD6}.Release|Any CPU.Build.0 = Release|Any CPU
		{206A38A1-9C50-4467-AE01-C85FB46CC5DF}.Debug|Any CPU.ActiveCfg = Debug|Any CPU
		{206A38A1-9C50-4467-AE01-C85FB46CC5DF}.Debug|Any CPU.Build.0 = Debug|Any CPU
		{206A38A1-9C50-4467-AE01-C85FB46CC5DF}.Release|Any CPU.ActiveCfg = Release|Any CPU
		{206A38A1-9C50-4467-AE01-C85FB46CC5DF}.Release|Any CPU.Build.0 = Release|Any CPU
		{D7956463-171D-4FF0-B8C3-C0865DEEC9EE}.Debug|Any CPU.ActiveCfg = Debug|Any CPU
		{D7956463-171D-4FF0-B8C3-C0865DEEC9EE}.Debug|Any CPU.Build.0 = Debug|Any CPU
		{D7956463-171D-4FF0-B8C3-C0865DEEC9EE}.Release|Any CPU.ActiveCfg = Release|Any CPU
		{D7956463-171D-4FF0-B8C3-C0865DEEC9EE}.Release|Any CPU.Build.0 = Release|Any CPU
		{FACB2C04-7D14-47D0-9A20-FF13B92B1390}.Debug|Any CPU.ActiveCfg = Debug|Any CPU
		{FACB2C04-7D14-47D0-9A20-FF13B92B1390}.Debug|Any CPU.Build.0 = Debug|Any CPU
		{FACB2C04-7D14-47D0-9A20-FF13B92B1390}.Release|Any CPU.ActiveCfg = Release|Any CPU
		{FACB2C04-7D14-47D0-9A20-FF13B92B1390}.Release|Any CPU.Build.0 = Release|Any CPU
		{2459EDE0-33F6-4301-80B6-D7886FB92992}.Debug|Any CPU.ActiveCfg = Debug|Any CPU
		{2459EDE0-33F6-4301-80B6-D7886FB92992}.Debug|Any CPU.Build.0 = Debug|Any CPU
		{2459EDE0-33F6-4301-80B6-D7886FB92992}.Release|Any CPU.ActiveCfg = Release|Any CPU
		{2459EDE0-33F6-4301-80B6-D7886FB92992}.Release|Any CPU.Build.0 = Release|Any CPU
		{316D7D39-CBF1-4234-A32D-90E44CB99E44}.Debug|Any CPU.ActiveCfg = Debug|Any CPU
		{316D7D39-CBF1-4234-A32D-90E44CB99E44}.Debug|Any CPU.Build.0 = Debug|Any CPU
		{316D7D39-CBF1-4234-A32D-90E44CB99E44}.Release|Any CPU.ActiveCfg = Release|Any CPU
		{316D7D39-CBF1-4234-A32D-90E44CB99E44}.Release|Any CPU.Build.0 = Release|Any CPU
	EndGlobalSection
	GlobalSection(SolutionProperties) = preSolution
		HideSolutionNode = FALSE
	EndGlobalSection
	GlobalSection(ExtensibilityGlobals) = postSolution
		SolutionGuid = {8C141139-C710-472E-95BA-B05A9BEEEBEE}
	EndGlobalSection
EndGlobal
